
Microsoft Visual Studio Solution File, Format Version 12.00
# Visual Studio 15
VisualStudioVersion = 15.0.28010.2003
MinimumVisualStudioVersion = 10.0.40219.1
Project("{FAE04EC0-301F-11D3-BF4B-00C04F79EFBC}") = "HelloWorld", "HelloWorld\HelloWorld.csproj", "{076F169B-EB08-4A7D-86EF-7CCB79B39265}"
EndProject
Project("{FAE04EC0-301F-11D3-BF4B-00C04F79EFBC}") = "HelloWorldFixture", "HelloWorldFixture\HelloWorldFixture.csproj", "{ED073CF1-CE90-4DC7-8742-024BAE512008}"
EndProject
Global
	GlobalSection(SolutionConfigurationPlatforms) = preSolution
		Debug|Any CPU = Debug|Any CPU
		Release|Any CPU = Release|Any CPU
	EndGlobalSection
	GlobalSection(ProjectConfigurationPlatforms) = postSolution
		{076F169B-EB08-4A7D-86EF-7CCB79B39265}.Debug|Any CPU.ActiveCfg = Debug|Any CPU
		{076F169B-EB08-4A7D-86EF-7CCB79B39265}.Debug|Any CPU.Build.0 = Debug|Any CPU
		{076F169B-EB08-4A7D-86EF-7CCB79B39265}.Release|Any CPU.ActiveCfg = Release|Any CPU
		{076F169B-EB08-4A7D-86EF-7CCB79B39265}.Release|Any CPU.Build.0 = Release|Any CPU
		{ED073CF1-CE90-4DC7-8742-024BAE512008}.Debug|Any CPU.ActiveCfg = Debug|Any CPU
		{ED073CF1-CE90-4DC7-8742-024BAE512008}.Debug|Any CPU.Build.0 = Debug|Any CPU
		{ED073CF1-CE90-4DC7-8742-024BAE512008}.Release|Any CPU.ActiveCfg = Release|Any CPU
		{ED073CF1-CE90-4DC7-8742-024BAE512008}.Release|Any CPU.Build.0 = Release|Any CPU
	EndGlobalSection
	GlobalSection(SolutionProperties) = preSolution
		HideSolutionNode = FALSE
	EndGlobalSection
	GlobalSection(ExtensibilityGlobals) = postSolution
		SolutionGuid = {A77DAB68-CE78-40F4-A2CB-167D463A9992}
	EndGlobalSection
EndGlobal
